// !$*UTF8*$!
{
	archiveVersion = 1;
	classes = {
	};
	objectVersion = 50;
	objects = {

/* Begin PBXBuildFile section */
		200BF62022CA69250006726E /* SquareView.swift in Sources */ = {isa = PBXBuildFile; fileRef = 200BF61F22CA69250006726E /* SquareView.swift */; };
		200BF62522CB880E0006726E /* ShapeModifier.swift in Sources */ = {isa = PBXBuildFile; fileRef = 200BF62422CB880E0006726E /* ShapeModifier.swift */; };
		6F182E1C22B2BD3C002B5C9F /* AppDelegate.swift in Sources */ = {isa = PBXBuildFile; fileRef = 6F182E1B22B2BD3C002B5C9F /* AppDelegate.swift */; };
		6F182E1E22B2BD3C002B5C9F /* SceneDelegate.swift in Sources */ = {isa = PBXBuildFile; fileRef = 6F182E1D22B2BD3C002B5C9F /* SceneDelegate.swift */; };
		6F182E2022B2BD3C002B5C9F /* ContentView.swift in Sources */ = {isa = PBXBuildFile; fileRef = 6F182E1F22B2BD3C002B5C9F /* ContentView.swift */; };
		6F182E2222B2BD3E002B5C9F /* Assets.xcassets in Resources */ = {isa = PBXBuildFile; fileRef = 6F182E2122B2BD3E002B5C9F /* Assets.xcassets */; };
		6F182E2522B2BD3E002B5C9F /* Preview Assets.xcassets in Resources */ = {isa = PBXBuildFile; fileRef = 6F182E2422B2BD3E002B5C9F /* Preview Assets.xcassets */; };
		6F182E2822B2BD3E002B5C9F /* LaunchScreen.storyboard in Resources */ = {isa = PBXBuildFile; fileRef = 6F182E2622B2BD3E002B5C9F /* LaunchScreen.storyboard */; };
		6F35C9D422B2BD95002651AD /* OperatorsListView.swift in Sources */ = {isa = PBXBuildFile; fileRef = 6F35C9D322B2BD95002651AD /* OperatorsListView.swift */; };
		6F35C9D722B2BD9B002651AD /* Operators.swift in Sources */ = {isa = PBXBuildFile; fileRef = 6F35C9D622B2BD9B002651AD /* Operators.swift */; };
		6F35C9D922B2BF88002651AD /* OperatorRow.swift in Sources */ = {isa = PBXBuildFile; fileRef = 6F35C9D822B2BF88002651AD /* OperatorRow.swift */; };
		6F35C9DB22B2C0E6002651AD /* OperatorsListViewModel.swift in Sources */ = {isa = PBXBuildFile; fileRef = 6F35C9DA22B2C0E6002651AD /* OperatorsListViewModel.swift */; };
		6FB6BF1922B2D5300029E5E1 /* CircleView.swift in Sources */ = {isa = PBXBuildFile; fileRef = 6FB6BF1822B2D5300029E5E1 /* CircleView.swift */; };
		6FB6BF1B22B2D8BB0029E5E1 /* DetailView.swift in Sources */ = {isa = PBXBuildFile; fileRef = 6FB6BF1A22B2D8BB0029E5E1 /* DetailView.swift */; };
		6FB6BF1F22B2E62C0029E5E1 /* TimelineView.swift in Sources */ = {isa = PBXBuildFile; fileRef = 6FB6BF1E22B2E62C0029E5E1 /* TimelineView.swift */; };
		6FB6BF2322B2E83C0029E5E1 /* Marble.swift in Sources */ = {isa = PBXBuildFile; fileRef = 6FB6BF2222B2E83C0029E5E1 /* Marble.swift */; };
		6FB6BF2522B2EC660029E5E1 /* InitialValues.swift in Sources */ = {isa = PBXBuildFile; fileRef = 6FB6BF2422B2EC660029E5E1 /* InitialValues.swift */; };
		6FB6BF2722B2FA5C0029E5E1 /* DetailViewModel.swift in Sources */ = {isa = PBXBuildFile; fileRef = 6FB6BF2622B2FA5C0029E5E1 /* DetailViewModel.swift */; };
		BBD62C4F22D7DBAE0029C4D5 /* Color+ColorScheme.swift in Sources */ = {isa = PBXBuildFile; fileRef = BBD62C4E22D7DBAE0029C4D5 /* Color+ColorScheme.swift */; };
		BBD62C5122D7DC4A0029C4D5 /* RemoveDuplicatesByKeyPath.swift in Sources */ = {isa = PBXBuildFile; fileRef = BBD62C5022D7DC4A0029C4D5 /* RemoveDuplicatesByKeyPath.swift */; };
/* End PBXBuildFile section */

/* Begin PBXFileReference section */
		200BF61F22CA69250006726E /* SquareView.swift */ = {isa = PBXFileReference; lastKnownFileType = sourcecode.swift; path = SquareView.swift; sourceTree = "<group>"; };
		200BF62422CB880E0006726E /* ShapeModifier.swift */ = {isa = PBXFileReference; lastKnownFileType = sourcecode.swift; path = ShapeModifier.swift; sourceTree = "<group>"; };
		6F182E1822B2BD3C002B5C9F /* CombineMarbles.app */ = {isa = PBXFileReference; explicitFileType = wrapper.application; includeInIndex = 0; path = CombineMarbles.app; sourceTree = BUILT_PRODUCTS_DIR; };
		6F182E1B22B2BD3C002B5C9F /* AppDelegate.swift */ = {isa = PBXFileReference; lastKnownFileType = sourcecode.swift; path = AppDelegate.swift; sourceTree = "<group>"; };
		6F182E1D22B2BD3C002B5C9F /* SceneDelegate.swift */ = {isa = PBXFileReference; lastKnownFileType = sourcecode.swift; path = SceneDelegate.swift; sourceTree = "<group>"; };
		6F182E1F22B2BD3C002B5C9F /* ContentView.swift */ = {isa = PBXFileReference; lastKnownFileType = sourcecode.swift; path = ContentView.swift; sourceTree = "<group>"; };
		6F182E2122B2BD3E002B5C9F /* Assets.xcassets */ = {isa = PBXFileReference; lastKnownFileType = folder.assetcatalog; path = Assets.xcassets; sourceTree = "<group>"; };
		6F182E2422B2BD3E002B5C9F /* Preview Assets.xcassets */ = {isa = PBXFileReference; lastKnownFileType = folder.assetcatalog; path = "Preview Assets.xcassets"; sourceTree = "<group>"; };
		6F182E2722B2BD3E002B5C9F /* Base */ = {isa = PBXFileReference; lastKnownFileType = file.storyboard; name = Base; path = Base.lproj/LaunchScreen.storyboard; sourceTree = "<group>"; };
		6F182E2922B2BD3E002B5C9F /* Info.plist */ = {isa = PBXFileReference; lastKnownFileType = text.plist.xml; path = Info.plist; sourceTree = "<group>"; };
		6F35C9D322B2BD95002651AD /* OperatorsListView.swift */ = {isa = PBXFileReference; fileEncoding = 4; lastKnownFileType = sourcecode.swift; path = OperatorsListView.swift; sourceTree = "<group>"; };
		6F35C9D622B2BD9B002651AD /* Operators.swift */ = {isa = PBXFileReference; fileEncoding = 4; lastKnownFileType = sourcecode.swift; path = Operators.swift; sourceTree = "<group>"; };
		6F35C9D822B2BF88002651AD /* OperatorRow.swift */ = {isa = PBXFileReference; lastKnownFileType = sourcecode.swift; path = OperatorRow.swift; sourceTree = "<group>"; };
		6F35C9DA22B2C0E6002651AD /* OperatorsListViewModel.swift */ = {isa = PBXFileReference; lastKnownFileType = sourcecode.swift; path = OperatorsListViewModel.swift; sourceTree = "<group>"; };
		6FB6BF1822B2D5300029E5E1 /* CircleView.swift */ = {isa = PBXFileReference; lastKnownFileType = sourcecode.swift; path = CircleView.swift; sourceTree = "<group>"; };
		6FB6BF1A22B2D8BB0029E5E1 /* DetailView.swift */ = {isa = PBXFileReference; lastKnownFileType = sourcecode.swift; path = DetailView.swift; sourceTree = "<group>"; };
		6FB6BF1E22B2E62C0029E5E1 /* TimelineView.swift */ = {isa = PBXFileReference; fileEncoding = 4; lastKnownFileType = sourcecode.swift; path = TimelineView.swift; sourceTree = "<group>"; };
		6FB6BF2222B2E83C0029E5E1 /* Marble.swift */ = {isa = PBXFileReference; lastKnownFileType = sourcecode.swift; path = Marble.swift; sourceTree = "<group>"; };
		6FB6BF2422B2EC660029E5E1 /* InitialValues.swift */ = {isa = PBXFileReference; lastKnownFileType = sourcecode.swift; path = InitialValues.swift; sourceTree = "<group>"; };
		6FB6BF2622B2FA5C0029E5E1 /* DetailViewModel.swift */ = {isa = PBXFileReference; lastKnownFileType = sourcecode.swift; path = DetailViewModel.swift; sourceTree = "<group>"; };
		6FC71D6522C007DB00E084BD /* CombineMarbles.entitlements */ = {isa = PBXFileReference; lastKnownFileType = text.plist.entitlements; path = CombineMarbles.entitlements; sourceTree = "<group>"; };
		BBD62C4E22D7DBAE0029C4D5 /* Color+ColorScheme.swift */ = {isa = PBXFileReference; lastKnownFileType = sourcecode.swift; path = "Color+ColorScheme.swift"; sourceTree = "<group>"; };
		BBD62C5022D7DC4A0029C4D5 /* RemoveDuplicatesByKeyPath.swift */ = {isa = PBXFileReference; lastKnownFileType = sourcecode.swift; path = RemoveDuplicatesByKeyPath.swift; sourceTree = "<group>"; };
/* End PBXFileReference section */

/* Begin PBXFrameworksBuildPhase section */
		6F182E1522B2BD3C002B5C9F /* Frameworks */ = {
			isa = PBXFrameworksBuildPhase;
			buildActionMask = 2147483647;
			files = (
			);
			runOnlyForDeploymentPostprocessing = 0;
		};
/* End PBXFrameworksBuildPhase section */

/* Begin PBXGroup section */
		200BF62322CB87F20006726E /* Utilities */ = {
			isa = PBXGroup;
			children = (
				200BF62422CB880E0006726E /* ShapeModifier.swift */,
				BBD62C4E22D7DBAE0029C4D5 /* Color+ColorScheme.swift */,
				BBD62C5022D7DC4A0029C4D5 /* RemoveDuplicatesByKeyPath.swift */,
			);
			path = Utilities;
			sourceTree = "<group>";
		};
		6F182E0F22B2BD3C002B5C9F = {
			isa = PBXGroup;
			children = (
				6F182E1A22B2BD3C002B5C9F /* CombineMarbles */,
				6F182E1922B2BD3C002B5C9F /* Products */,
			);
			sourceTree = "<group>";
		};
		6F182E1922B2BD3C002B5C9F /* Products */ = {
			isa = PBXGroup;
			children = (
				6F182E1822B2BD3C002B5C9F /* CombineMarbles.app */,
			);
			name = Products;
			sourceTree = "<group>";
		};
		6F182E1A22B2BD3C002B5C9F /* CombineMarbles */ = {
			isa = PBXGroup;
			children = (
				6FC71D6522C007DB00E084BD /* CombineMarbles.entitlements */,
				200BF62322CB87F20006726E /* Utilities */,
				6F35C9D522B2BD9B002651AD /* Models */,
				6F35C9D122B2BD95002651AD /* Features */,
				6F182E1B22B2BD3C002B5C9F /* AppDelegate.swift */,
				6F182E1D22B2BD3C002B5C9F /* SceneDelegate.swift */,
				6F182E1F22B2BD3C002B5C9F /* ContentView.swift */,
				6F182E2122B2BD3E002B5C9F /* Assets.xcassets */,
				6F182E2622B2BD3E002B5C9F /* LaunchScreen.storyboard */,
				6F182E2922B2BD3E002B5C9F /* Info.plist */,
				6F182E2322B2BD3E002B5C9F /* Preview Content */,
			);
			path = CombineMarbles;
			sourceTree = "<group>";
		};
		6F182E2322B2BD3E002B5C9F /* Preview Content */ = {
			isa = PBXGroup;
			children = (
				6F182E2422B2BD3E002B5C9F /* Preview Assets.xcassets */,
			);
			path = "Preview Content";
			sourceTree = "<group>";
		};
		6F35C9D122B2BD95002651AD /* Features */ = {
			isa = PBXGroup;
			children = (
				6FB6BF1522B2D2970029E5E1 /* Detail */,
				6F35C9D222B2BD95002651AD /* List */,
			);
			path = Features;
			sourceTree = "<group>";
		};
		6F35C9D222B2BD95002651AD /* List */ = {
			isa = PBXGroup;
			children = (
				6F35C9D322B2BD95002651AD /* OperatorsListView.swift */,
				6F35C9D822B2BF88002651AD /* OperatorRow.swift */,
				6F35C9DA22B2C0E6002651AD /* OperatorsListViewModel.swift */,
			);
			path = List;
			sourceTree = "<group>";
		};
		6F35C9D522B2BD9B002651AD /* Models */ = {
			isa = PBXGroup;
			children = (
				6F35C9D622B2BD9B002651AD /* Operators.swift */,
				6FB6BF2422B2EC660029E5E1 /* InitialValues.swift */,
			);
			path = Models;
			sourceTree = "<group>";
		};
		6FB6BF1522B2D2970029E5E1 /* Detail */ = {
			isa = PBXGroup;
			children = (
				6FB6BF1822B2D5300029E5E1 /* CircleView.swift */,
				200BF61F22CA69250006726E /* SquareView.swift */,
				6FB6BF1A22B2D8BB0029E5E1 /* DetailView.swift */,
				6FB6BF1E22B2E62C0029E5E1 /* TimelineView.swift */,
				6FB6BF2222B2E83C0029E5E1 /* Marble.swift */,
				6FB6BF2622B2FA5C0029E5E1 /* DetailViewModel.swift */,
			);
			path = Detail;
			sourceTree = "<group>";
		};
/* End PBXGroup section */

/* Begin PBXNativeTarget section */
		6F182E1722B2BD3C002B5C9F /* CombineMarbles */ = {
			isa = PBXNativeTarget;
			buildConfigurationList = 6F182E2C22B2BD3E002B5C9F /* Build configuration list for PBXNativeTarget "CombineMarbles" */;
			buildPhases = (
				6F182E1422B2BD3C002B5C9F /* Sources */,
				6F182E1522B2BD3C002B5C9F /* Frameworks */,
				6F182E1622B2BD3C002B5C9F /* Resources */,
			);
			buildRules = (
			);
			dependencies = (
			);
			name = CombineMarbles;
			productName = CombineMarbles;
			productReference = 6F182E1822B2BD3C002B5C9F /* CombineMarbles.app */;
			productType = "com.apple.product-type.application";
		};
/* End PBXNativeTarget section */

/* Begin PBXProject section */
		6F182E1022B2BD3C002B5C9F /* Project object */ = {
			isa = PBXProject;
			attributes = {
				LastSwiftUpdateCheck = 1100;
				LastUpgradeCheck = 1100;
				ORGANIZATIONNAME = antgar;
				TargetAttributes = {
					6F182E1722B2BD3C002B5C9F = {
						CreatedOnToolsVersion = 11.0;
					};
				};
			};
			buildConfigurationList = 6F182E1322B2BD3C002B5C9F /* Build configuration list for PBXProject "CombineMarbles" */;
			compatibilityVersion = "Xcode 9.3";
			developmentRegion = en;
			hasScannedForEncodings = 0;
			knownRegions = (
				en,
				Base,
			);
			mainGroup = 6F182E0F22B2BD3C002B5C9F;
			productRefGroup = 6F182E1922B2BD3C002B5C9F /* Products */;
			projectDirPath = "";
			projectRoot = "";
			targets = (
				6F182E1722B2BD3C002B5C9F /* CombineMarbles */,
			);
		};
/* End PBXProject section */

/* Begin PBXResourcesBuildPhase section */
		6F182E1622B2BD3C002B5C9F /* Resources */ = {
			isa = PBXResourcesBuildPhase;
			buildActionMask = 2147483647;
			files = (
				6F182E2822B2BD3E002B5C9F /* LaunchScreen.storyboard in Resources */,
				6F182E2522B2BD3E002B5C9F /* Preview Assets.xcassets in Resources */,
				6F182E2222B2BD3E002B5C9F /* Assets.xcassets in Resources */,
			);
			runOnlyForDeploymentPostprocessing = 0;
		};
/* End PBXResourcesBuildPhase section */

/* Begin PBXSourcesBuildPhase section */
		6F182E1422B2BD3C002B5C9F /* Sources */ = {
			isa = PBXSourcesBuildPhase;
			buildActionMask = 2147483647;
			files = (
				BBD62C5122D7DC4A0029C4D5 /* RemoveDuplicatesByKeyPath.swift in Sources */,
				BBD62C4F22D7DBAE0029C4D5 /* Color+ColorScheme.swift in Sources */,
				200BF62022CA69250006726E /* SquareView.swift in Sources */,
				6FB6BF1922B2D5300029E5E1 /* CircleView.swift in Sources */,
				6FB6BF2322B2E83C0029E5E1 /* Marble.swift in Sources */,
				6FB6BF1B22B2D8BB0029E5E1 /* DetailView.swift in Sources */,
				6F35C9D922B2BF88002651AD /* OperatorRow.swift in Sources */,
				6FB6BF1F22B2E62C0029E5E1 /* TimelineView.swift in Sources */,
				6F35C9D422B2BD95002651AD /* OperatorsListView.swift in Sources */,
				200BF62522CB880E0006726E /* ShapeModifier.swift in Sources */,
				6F35C9D722B2BD9B002651AD /* Operators.swift in Sources */,
				6F182E1C22B2BD3C002B5C9F /* AppDelegate.swift in Sources */,
				6FB6BF2522B2EC660029E5E1 /* InitialValues.swift in Sources */,
				6FB6BF2722B2FA5C0029E5E1 /* DetailViewModel.swift in Sources */,
				6F35C9DB22B2C0E6002651AD /* OperatorsListViewModel.swift in Sources */,
				6F182E1E22B2BD3C002B5C9F /* SceneDelegate.swift in Sources */,
				6F182E2022B2BD3C002B5C9F /* ContentView.swift in Sources */,
			);
			runOnlyForDeploymentPostprocessing = 0;
		};
/* End PBXSourcesBuildPhase section */

/* Begin PBXVariantGroup section */
		6F182E2622B2BD3E002B5C9F /* LaunchScreen.storyboard */ = {
			isa = PBXVariantGroup;
			children = (
				6F182E2722B2BD3E002B5C9F /* Base */,
			);
			name = LaunchScreen.storyboard;
			sourceTree = "<group>";
		};
/* End PBXVariantGroup section */

/* Begin XCBuildConfiguration section */
		6F182E2A22B2BD3E002B5C9F /* Debug */ = {
			isa = XCBuildConfiguration;
			buildSettings = {
				ALWAYS_SEARCH_USER_PATHS = NO;
				CLANG_ANALYZER_NONNULL = YES;
				CLANG_ANALYZER_NUMBER_OBJECT_CONVERSION = YES_AGGRESSIVE;
				CLANG_CXX_LANGUAGE_STANDARD = "gnu++14";
				CLANG_CXX_LIBRARY = "libc++";
				CLANG_ENABLE_MODULES = YES;
				CLANG_ENABLE_OBJC_ARC = YES;
				CLANG_ENABLE_OBJC_WEAK = YES;
				CLANG_WARN_BLOCK_CAPTURE_AUTORELEASING = YES;
				CLANG_WARN_BOOL_CONVERSION = YES;
				CLANG_WARN_COMMA = YES;
				CLANG_WARN_CONSTANT_CONVERSION = YES;
				CLANG_WARN_DEPRECATED_OBJC_IMPLEMENTATIONS = YES;
				CLANG_WARN_DIRECT_OBJC_ISA_USAGE = YES_ERROR;
				CLANG_WARN_DOCUMENTATION_COMMENTS = YES;
				CLANG_WARN_EMPTY_BODY = YES;
				CLANG_WARN_ENUM_CONVERSION = YES;
				CLANG_WARN_INFINITE_RECURSION = YES;
				CLANG_WARN_INT_CONVERSION = YES;
				CLANG_WARN_NON_LITERAL_NULL_CONVERSION = YES;
				CLANG_WARN_OBJC_IMPLICIT_RETAIN_SELF = YES;
				CLANG_WARN_OBJC_LITERAL_CONVERSION = YES;
				CLANG_WARN_OBJC_ROOT_CLASS = YES_ERROR;
				CLANG_WARN_RANGE_LOOP_ANALYSIS = YES;
				CLANG_WARN_STRICT_PROTOTYPES = YES;
				CLANG_WARN_SUSPICIOUS_MOVE = YES;
				CLANG_WARN_UNGUARDED_AVAILABILITY = YES_AGGRESSIVE;
				CLANG_WARN_UNREACHABLE_CODE = YES;
				CLANG_WARN__DUPLICATE_METHOD_MATCH = YES;
				COPY_PHASE_STRIP = NO;
				DEBUG_INFORMATION_FORMAT = dwarf;
				ENABLE_STRICT_OBJC_MSGSEND = YES;
				ENABLE_TESTABILITY = YES;
				GCC_C_LANGUAGE_STANDARD = gnu11;
				GCC_DYNAMIC_NO_PIC = NO;
				GCC_NO_COMMON_BLOCKS = YES;
				GCC_OPTIMIZATION_LEVEL = 0;
				GCC_PREPROCESSOR_DEFINITIONS = (
					"DEBUG=1",
					"$(inherited)",
				);
				GCC_WARN_64_TO_32_BIT_CONVERSION = YES;
				GCC_WARN_ABOUT_RETURN_TYPE = YES_ERROR;
				GCC_WARN_UNDECLARED_SELECTOR = YES;
				GCC_WARN_UNINITIALIZED_AUTOS = YES_AGGRESSIVE;
				GCC_WARN_UNUSED_FUNCTION = YES;
				GCC_WARN_UNUSED_VARIABLE = YES;
				IPHONEOS_DEPLOYMENT_TARGET = 13.0;
				MTL_ENABLE_DEBUG_INFO = INCLUDE_SOURCE;
				MTL_FAST_MATH = YES;
				ONLY_ACTIVE_ARCH = YES;
				SDKROOT = iphoneos;
				SWIFT_ACTIVE_COMPILATION_CONDITIONS = DEBUG;
				SWIFT_OPTIMIZATION_LEVEL = "-Onone";
			};
			name = Debug;
		};
		6F182E2B22B2BD3E002B5C9F /* Release */ = {
			isa = XCBuildConfiguration;
			buildSettings = {
				ALWAYS_SEARCH_USER_PATHS = NO;
				CLANG_ANALYZER_NONNULL = YES;
				CLANG_ANALYZER_NUMBER_OBJECT_CONVERSION = YES_AGGRESSIVE;
				CLANG_CXX_LANGUAGE_STANDARD = "gnu++14";
				CLANG_CXX_LIBRARY = "libc++";
				CLANG_ENABLE_MODULES = YES;
				CLANG_ENABLE_OBJC_ARC = YES;
				CLANG_ENABLE_OBJC_WEAK = YES;
				CLANG_WARN_BLOCK_CAPTURE_AUTORELEASING = YES;
				CLANG_WARN_BOOL_CONVERSION = YES;
				CLANG_WARN_COMMA = YES;
				CLANG_WARN_CONSTANT_CONVERSION = YES;
				CLANG_WARN_DEPRECATED_OBJC_IMPLEMENTATIONS = YES;
				CLANG_WARN_DIRECT_OBJC_ISA_USAGE = YES_ERROR;
				CLANG_WARN_DOCUMENTATION_COMMENTS = YES;
				CLANG_WARN_EMPTY_BODY = YES;
				CLANG_WARN_ENUM_CONVERSION = YES;
				CLANG_WARN_INFINITE_RECURSION = YES;
				CLANG_WARN_INT_CONVERSION = YES;
				CLANG_WARN_NON_LITERAL_NULL_CONVERSION = YES;
				CLANG_WARN_OBJC_IMPLICIT_RETAIN_SELF = YES;
				CLANG_WARN_OBJC_LITERAL_CONVERSION = YES;
				CLANG_WARN_OBJC_ROOT_CLASS = YES_ERROR;
				CLANG_WARN_RANGE_LOOP_ANALYSIS = YES;
				CLANG_WARN_STRICT_PROTOTYPES = YES;
				CLANG_WARN_SUSPICIOUS_MOVE = YES;
				CLANG_WARN_UNGUARDED_AVAILABILITY = YES_AGGRESSIVE;
				CLANG_WARN_UNREACHABLE_CODE = YES;
				CLANG_WARN__DUPLICATE_METHOD_MATCH = YES;
				COPY_PHASE_STRIP = NO;
				DEBUG_INFORMATION_FORMAT = "dwarf-with-dsym";
				ENABLE_NS_ASSERTIONS = NO;
				ENABLE_STRICT_OBJC_MSGSEND = YES;
				GCC_C_LANGUAGE_STANDARD = gnu11;
				GCC_NO_COMMON_BLOCKS = YES;
				GCC_WARN_64_TO_32_BIT_CONVERSION = YES;
				GCC_WARN_ABOUT_RETURN_TYPE = YES_ERROR;
				GCC_WARN_UNDECLARED_SELECTOR = YES;
				GCC_WARN_UNINITIALIZED_AUTOS = YES_AGGRESSIVE;
				GCC_WARN_UNUSED_FUNCTION = YES;
				GCC_WARN_UNUSED_VARIABLE = YES;
				IPHONEOS_DEPLOYMENT_TARGET = 13.0;
				MTL_ENABLE_DEBUG_INFO = NO;
				MTL_FAST_MATH = YES;
				SDKROOT = iphoneos;
				SWIFT_COMPILATION_MODE = wholemodule;
				SWIFT_OPTIMIZATION_LEVEL = "-O";
				VALIDATE_PRODUCT = YES;
			};
			name = Release;
		};
		6F182E2D22B2BD3E002B5C9F /* Debug */ = {
			isa = XCBuildConfiguration;
			buildSettings = {
				ASSETCATALOG_COMPILER_APPICON_NAME = AppIcon;
				CODE_SIGN_ENTITLEMENTS = CombineMarbles/CombineMarbles.entitlements;
				CODE_SIGN_STYLE = Automatic;
				DERIVE_UIKITFORMAC_PRODUCT_BUNDLE_IDENTIFIER = YES;
				DEVELOPMENT_ASSET_PATHS = "CombineMarbles/Preview\\ Content";
				DEVELOPMENT_TEAM = KX542H6XWM;
				ENABLE_PREVIEWS = YES;
				INFOPLIST_FILE = CombineMarbles/Info.plist;
				LD_RUNPATH_SEARCH_PATHS = (
					"$(inherited)",
					"@executable_path/Frameworks",
				);
				PRODUCT_BUNDLE_IDENTIFIER = antgar.CombineMarbles;
				PRODUCT_NAME = "$(TARGET_NAME)";
				SUPPORTS_UIKITFORMAC = YES;
				SWIFT_VERSION = 5.0;
				TARGETED_DEVICE_FAMILY = "1,2";
			};
			name = Debug;
		};
		6F182E2E22B2BD3E002B5C9F /* Release */ = {
			isa = XCBuildConfiguration;
			buildSettings = {
				ASSETCATALOG_COMPILER_APPICON_NAME = AppIcon;
				CODE_SIGN_ENTITLEMENTS = CombineMarbles/CombineMarbles.entitlements;
				CODE_SIGN_STYLE = Automatic;
				DERIVE_UIKITFORMAC_PRODUCT_BUNDLE_IDENTIFIER = YES;
				DEVELOPMENT_ASSET_PATHS = "CombineMarbles/Preview\\ Content";
				DEVELOPMENT_TEAM = KX542H6XWM;
				ENABLE_PREVIEWS = YES;
				INFOPLIST_FILE = CombineMarbles/Info.plist;
				LD_RUNPATH_SEARCH_PATHS = (
					"$(inherited)",
					"@executable_path/Frameworks",
				);
				PRODUCT_BUNDLE_IDENTIFIER = antgar.CombineMarbles;
				PRODUCT_NAME = "$(TARGET_NAME)";
				SUPPORTS_UIKITFORMAC = YES;
				SWIFT_VERSION = 5.0;
				TARGETED_DEVICE_FAMILY = "1,2";
			};
			name = Release;
		};
/* End XCBuildConfiguration section */

/* Begin XCConfigurationList section */
		6F182E1322B2BD3C002B5C9F /* Build configuration list for PBXProject "CombineMarbles" */ = {
			isa = XCConfigurationList;
			buildConfigurations = (
				6F182E2A22B2BD3E002B5C9F /* Debug */,
				6F182E2B22B2BD3E002B5C9F /* Release */,
			);
			defaultConfigurationIsVisible = 0;
			defaultConfigurationName = Release;
		};
		6F182E2C22B2BD3E002B5C9F /* Build configuration list for PBXNativeTarget "CombineMarbles" */ = {
			isa = XCConfigurationList;
			buildConfigurations = (
				6F182E2D22B2BD3E002B5C9F /* Debug */,
				6F182E2E22B2BD3E002B5C9F /* Release */,
			);
			defaultConfigurationIsVisible = 0;
			defaultConfigurationName = Release;
		};
/* End XCConfigurationList section */
	};
	rootObject = 6F182E1022B2BD3C002B5C9F /* Project object */;
}
